// !$*UTF8*$!
{
	archiveVersion = 1;
	classes = {
	};
	objectVersion = 50;
	objects = {

/* Begin PBXBuildFile section */
		6428697725E879FA0008F214 /* AppDelegate.swift in Sources */ = {isa = PBXBuildFile; fileRef = 6428697625E879FA0008F214 /* AppDelegate.swift */; };
		6428697925E879FA0008F214 /* SceneDelegate.swift in Sources */ = {isa = PBXBuildFile; fileRef = 6428697825E879FA0008F214 /* SceneDelegate.swift */; };
		6428698025E879FA0008F214 /* Assets.xcassets in Resources */ = {isa = PBXBuildFile; fileRef = 6428697F25E879FA0008F214 /* Assets.xcassets */; };
		6428698325E879FA0008F214 /* LaunchScreen.storyboard in Resources */ = {isa = PBXBuildFile; fileRef = 6428698125E879FA0008F214 /* LaunchScreen.storyboard */; };
		6428698E25E879FA0008F214 /* Whale_of_an_AppTests.swift in Sources */ = {isa = PBXBuildFile; fileRef = 6428698D25E879FA0008F214 /* Whale_of_an_AppTests.swift */; };
		6428699925E879FA0008F214 /* Whale_of_an_AppUITests.swift in Sources */ = {isa = PBXBuildFile; fileRef = 6428699825E879FA0008F214 /* Whale_of_an_AppUITests.swift */; };
		642869B325E889EA0008F214 /* WhalesCollectionViewController.swift in Sources */ = {isa = PBXBuildFile; fileRef = 642869B225E889EA0008F214 /* WhalesCollectionViewController.swift */; };
		642869B825E88B1A0008F214 /* Coordinator.swift in Sources */ = {isa = PBXBuildFile; fileRef = 642869B725E88B1A0008F214 /* Coordinator.swift */; };
		642869BD25E88B840008F214 /* AppCoordinator.swift in Sources */ = {isa = PBXBuildFile; fileRef = 642869BC25E88B840008F214 /* AppCoordinator.swift */; };
		642869C225E88CD00008F214 /* WhalesCollectionViewControllerCoordinator.swift in Sources */ = {isa = PBXBuildFile; fileRef = 642869C125E88CD00008F214 /* WhalesCollectionViewControllerCoordinator.swift */; };
/* End PBXBuildFile section */

/* Begin PBXContainerItemProxy section */
		6428698A25E879FA0008F214 /* PBXContainerItemProxy */ = {
			isa = PBXContainerItemProxy;
			containerPortal = 6428696B25E879FA0008F214 /* Project object */;
			proxyType = 1;
			remoteGlobalIDString = 6428697225E879FA0008F214;
			remoteInfo = "Whale of an App";
		};
		6428699525E879FA0008F214 /* PBXContainerItemProxy */ = {
			isa = PBXContainerItemProxy;
			containerPortal = 6428696B25E879FA0008F214 /* Project object */;
			proxyType = 1;
			remoteGlobalIDString = 6428697225E879FA0008F214;
			remoteInfo = "Whale of an App";
		};
/* End PBXContainerItemProxy section */

/* Begin PBXFileReference section */
		6428697325E879FA0008F214 /* Whale of an App.app */ = {isa = PBXFileReference; explicitFileType = wrapper.application; includeInIndex = 0; path = "Whale of an App.app"; sourceTree = BUILT_PRODUCTS_DIR; };
		6428697625E879FA0008F214 /* AppDelegate.swift */ = {isa = PBXFileReference; lastKnownFileType = sourcecode.swift; path = AppDelegate.swift; sourceTree = "<group>"; };
		6428697825E879FA0008F214 /* SceneDelegate.swift */ = {isa = PBXFileReference; lastKnownFileType = sourcecode.swift; path = SceneDelegate.swift; sourceTree = "<group>"; };
		6428697F25E879FA0008F214 /* Assets.xcassets */ = {isa = PBXFileReference; lastKnownFileType = folder.assetcatalog; path = Assets.xcassets; sourceTree = "<group>"; };
		6428698225E879FA0008F214 /* Base */ = {isa = PBXFileReference; lastKnownFileType = file.storyboard; name = Base; path = Base.lproj/LaunchScreen.storyboard; sourceTree = "<group>"; };
		6428698425E879FA0008F214 /* Info.plist */ = {isa = PBXFileReference; lastKnownFileType = text.plist.xml; path = Info.plist; sourceTree = "<group>"; };
		6428698925E879FA0008F214 /* Whale of an AppTests.xctest */ = {isa = PBXFileReference; explicitFileType = wrapper.cfbundle; includeInIndex = 0; path = "Whale of an AppTests.xctest"; sourceTree = BUILT_PRODUCTS_DIR; };
		6428698D25E879FA0008F214 /* Whale_of_an_AppTests.swift */ = {isa = PBXFileReference; lastKnownFileType = sourcecode.swift; path = Whale_of_an_AppTests.swift; sourceTree = "<group>"; };
		6428698F25E879FA0008F214 /* Info.plist */ = {isa = PBXFileReference; lastKnownFileType = text.plist.xml; path = Info.plist; sourceTree = "<group>"; };
		6428699425E879FA0008F214 /* Whale of an AppUITests.xctest */ = {isa = PBXFileReference; explicitFileType = wrapper.cfbundle; includeInIndex = 0; path = "Whale of an AppUITests.xctest"; sourceTree = BUILT_PRODUCTS_DIR; };
		6428699825E879FA0008F214 /* Whale_of_an_AppUITests.swift */ = {isa = PBXFileReference; lastKnownFileType = sourcecode.swift; path = Whale_of_an_AppUITests.swift; sourceTree = "<group>"; };
		6428699A25E879FA0008F214 /* Info.plist */ = {isa = PBXFileReference; lastKnownFileType = text.plist.xml; path = Info.plist; sourceTree = "<group>"; };
		642869B225E889EA0008F214 /* WhalesCollectionViewController.swift */ = {isa = PBXFileReference; lastKnownFileType = sourcecode.swift; path = WhalesCollectionViewController.swift; sourceTree = "<group>"; };
		642869B725E88B1A0008F214 /* Coordinator.swift */ = {isa = PBXFileReference; lastKnownFileType = sourcecode.swift; path = Coordinator.swift; sourceTree = "<group>"; };
		642869BC25E88B840008F214 /* AppCoordinator.swift */ = {isa = PBXFileReference; lastKnownFileType = sourcecode.swift; path = AppCoordinator.swift; sourceTree = "<group>"; };
		642869C125E88CD00008F214 /* WhalesCollectionViewControllerCoordinator.swift */ = {isa = PBXFileReference; lastKnownFileType = sourcecode.swift; path = WhalesCollectionViewControllerCoordinator.swift; sourceTree = "<group>"; };
/* End PBXFileReference section */

/* Begin PBXFrameworksBuildPhase section */
		6428697025E879FA0008F214 /* Frameworks */ = {
			isa = PBXFrameworksBuildPhase;
			buildActionMask = 2147483647;
			files = (
			);
			runOnlyForDeploymentPostprocessing = 0;
		};
		6428698625E879FA0008F214 /* Frameworks */ = {
			isa = PBXFrameworksBuildPhase;
			buildActionMask = 2147483647;
			files = (
			);
			runOnlyForDeploymentPostprocessing = 0;
		};
		6428699125E879FA0008F214 /* Frameworks */ = {
			isa = PBXFrameworksBuildPhase;
			buildActionMask = 2147483647;
			files = (
			);
			runOnlyForDeploymentPostprocessing = 0;
		};
/* End PBXFrameworksBuildPhase section */

/* Begin PBXGroup section */
		6428696A25E879FA0008F214 = {
			isa = PBXGroup;
			children = (
				6428697525E879FA0008F214 /* Whale of an App */,
				6428698C25E879FA0008F214 /* Whale of an AppTests */,
				6428699725E879FA0008F214 /* Whale of an AppUITests */,
				6428697425E879FA0008F214 /* Products */,
			);
			sourceTree = "<group>";
		};
		6428697425E879FA0008F214 /* Products */ = {
			isa = PBXGroup;
			children = (
				6428697325E879FA0008F214 /* Whale of an App.app */,
				6428698925E879FA0008F214 /* Whale of an AppTests.xctest */,
				6428699425E879FA0008F214 /* Whale of an AppUITests.xctest */,
			);
			name = Products;
			sourceTree = "<group>";
		};
		6428697525E879FA0008F214 /* Whale of an App */ = {
			isa = PBXGroup;
			children = (
				6428697625E879FA0008F214 /* AppDelegate.swift */,
				6428697825E879FA0008F214 /* SceneDelegate.swift */,
				642869C625E88F330008F214 /* Coordinators */,
				642869B225E889EA0008F214 /* WhalesCollectionViewController.swift */,
				6428697F25E879FA0008F214 /* Assets.xcassets */,
				6428698125E879FA0008F214 /* LaunchScreen.storyboard */,
				6428698425E879FA0008F214 /* Info.plist */,
			);
			path = "Whale of an App";
			sourceTree = "<group>";
		};
		6428698C25E879FA0008F214 /* Whale of an AppTests */ = {
			isa = PBXGroup;
			children = (
				6428698D25E879FA0008F214 /* Whale_of_an_AppTests.swift */,
				6428698F25E879FA0008F214 /* Info.plist */,
			);
			path = "Whale of an AppTests";
			sourceTree = "<group>";
		};
		6428699725E879FA0008F214 /* Whale of an AppUITests */ = {
			isa = PBXGroup;
			children = (
				6428699825E879FA0008F214 /* Whale_of_an_AppUITests.swift */,
				6428699A25E879FA0008F214 /* Info.plist */,
			);
			path = "Whale of an AppUITests";
			sourceTree = "<group>";
		};
		642869C625E88F330008F214 /* Coordinators */ = {
			isa = PBXGroup;
			children = (
				642869B725E88B1A0008F214 /* Coordinator.swift */,
				642869BC25E88B840008F214 /* AppCoordinator.swift */,
				642869C125E88CD00008F214 /* WhalesCollectionViewControllerCoordinator.swift */,
			);
			path = Coordinators;
			sourceTree = "<group>";
		};
/* End PBXGroup section */

/* Begin PBXNativeTarget section */
		6428697225E879FA0008F214 /* Whale of an App */ = {
			isa = PBXNativeTarget;
			buildConfigurationList = 6428699D25E879FA0008F214 /* Build configuration list for PBXNativeTarget "Whale of an App" */;
			buildPhases = (
				6428696F25E879FA0008F214 /* Sources */,
				6428697025E879FA0008F214 /* Frameworks */,
				6428697125E879FA0008F214 /* Resources */,
			);
			buildRules = (
			);
			dependencies = (
			);
			name = "Whale of an App";
			productName = "Whale of an App";
			productReference = 6428697325E879FA0008F214 /* Whale of an App.app */;
			productType = "com.apple.product-type.application";
		};
		6428698825E879FA0008F214 /* Whale of an AppTests */ = {
			isa = PBXNativeTarget;
			buildConfigurationList = 642869A025E879FA0008F214 /* Build configuration list for PBXNativeTarget "Whale of an AppTests" */;
			buildPhases = (
				6428698525E879FA0008F214 /* Sources */,
				6428698625E879FA0008F214 /* Frameworks */,
				6428698725E879FA0008F214 /* Resources */,
			);
			buildRules = (
			);
			dependencies = (
				6428698B25E879FA0008F214 /* PBXTargetDependency */,
			);
			name = "Whale of an AppTests";
			productName = "Whale of an AppTests";
			productReference = 6428698925E879FA0008F214 /* Whale of an AppTests.xctest */;
			productType = "com.apple.product-type.bundle.unit-test";
		};
		6428699325E879FA0008F214 /* Whale of an AppUITests */ = {
			isa = PBXNativeTarget;
			buildConfigurationList = 642869A325E879FA0008F214 /* Build configuration list for PBXNativeTarget "Whale of an AppUITests" */;
			buildPhases = (
				6428699025E879FA0008F214 /* Sources */,
				6428699125E879FA0008F214 /* Frameworks */,
				6428699225E879FA0008F214 /* Resources */,
			);
			buildRules = (
			);
			dependencies = (
				6428699625E879FA0008F214 /* PBXTargetDependency */,
			);
			name = "Whale of an AppUITests";
			productName = "Whale of an AppUITests";
			productReference = 6428699425E879FA0008F214 /* Whale of an AppUITests.xctest */;
			productType = "com.apple.product-type.bundle.ui-testing";
		};
/* End PBXNativeTarget section */

/* Begin PBXProject section */
		6428696B25E879FA0008F214 /* Project object */ = {
			isa = PBXProject;
			attributes = {
				LastSwiftUpdateCheck = 1240;
				LastUpgradeCheck = 1240;
				TargetAttributes = {
					6428697225E879FA0008F214 = {
						CreatedOnToolsVersion = 12.4;
					};
					6428698825E879FA0008F214 = {
						CreatedOnToolsVersion = 12.4;
						TestTargetID = 6428697225E879FA0008F214;
					};
					6428699325E879FA0008F214 = {
						CreatedOnToolsVersion = 12.4;
						TestTargetID = 6428697225E879FA0008F214;
					};
				};
			};
			buildConfigurationList = 6428696E25E879FA0008F214 /* Build configuration list for PBXProject "Whale of an App" */;
			compatibilityVersion = "Xcode 9.3";
			developmentRegion = en;
			hasScannedForEncodings = 0;
			knownRegions = (
				en,
				Base,
			);
			mainGroup = 6428696A25E879FA0008F214;
			productRefGroup = 6428697425E879FA0008F214 /* Products */;
			projectDirPath = "";
			projectRoot = "";
			targets = (
				6428697225E879FA0008F214 /* Whale of an App */,
				6428698825E879FA0008F214 /* Whale of an AppTests */,
				6428699325E879FA0008F214 /* Whale of an AppUITests */,
			);
		};
/* End PBXProject section */

/* Begin PBXResourcesBuildPhase section */
		6428697125E879FA0008F214 /* Resources */ = {
			isa = PBXResourcesBuildPhase;
			buildActionMask = 2147483647;
			files = (
				6428698325E879FA0008F214 /* LaunchScreen.storyboard in Resources */,
				6428698025E879FA0008F214 /* Assets.xcassets in Resources */,
			);
			runOnlyForDeploymentPostprocessing = 0;
		};
		6428698725E879FA0008F214 /* Resources */ = {
			isa = PBXResourcesBuildPhase;
			buildActionMask = 2147483647;
			files = (
			);
			runOnlyForDeploymentPostprocessing = 0;
		};
		6428699225E879FA0008F214 /* Resources */ = {
			isa = PBXResourcesBuildPhase;
			buildActionMask = 2147483647;
			files = (
			);
			runOnlyForDeploymentPostprocessing = 0;
		};
/* End PBXResourcesBuildPhase section */

/* Begin PBXSourcesBuildPhase section */
		6428696F25E879FA0008F214 /* Sources */ = {
			isa = PBXSourcesBuildPhase;
			buildActionMask = 2147483647;
			files = (
				642869B825E88B1A0008F214 /* Coordinator.swift in Sources */,
				642869B325E889EA0008F214 /* WhalesCollectionViewController.swift in Sources */,
				642869BD25E88B840008F214 /* AppCoordinator.swift in Sources */,
				6428697725E879FA0008F214 /* AppDelegate.swift in Sources */,
				6428697925E879FA0008F214 /* SceneDelegate.swift in Sources */,
				642869C225E88CD00008F214 /* WhalesCollectionViewControllerCoordinator.swift in Sources */,
			);
			runOnlyForDeploymentPostprocessing = 0;
		};
		6428698525E879FA0008F214 /* Sources */ = {
			isa = PBXSourcesBuildPhase;
			buildActionMask = 2147483647;
			files = (
				6428698E25E879FA0008F214 /* Whale_of_an_AppTests.swift in Sources */,
			);
			runOnlyForDeploymentPostprocessing = 0;
		};
		6428699025E879FA0008F214 /* Sources */ = {
			isa = PBXSourcesBuildPhase;
			buildActionMask = 2147483647;
			files = (
				6428699925E879FA0008F214 /* Whale_of_an_AppUITests.swift in Sources */,
			);
			runOnlyForDeploymentPostprocessing = 0;
		};
/* End PBXSourcesBuildPhase section */

/* Begin PBXTargetDependency section */
		6428698B25E879FA0008F214 /* PBXTargetDependency */ = {
			isa = PBXTargetDependency;
			target = 6428697225E879FA0008F214 /* Whale of an App */;
			targetProxy = 6428698A25E879FA0008F214 /* PBXContainerItemProxy */;
		};
		6428699625E879FA0008F214 /* PBXTargetDependency */ = {
			isa = PBXTargetDependency;
			target = 6428697225E879FA0008F214 /* Whale of an App */;
			targetProxy = 6428699525E879FA0008F214 /* PBXContainerItemProxy */;
		};
/* End PBXTargetDependency section */

/* Begin PBXVariantGroup section */
		6428698125E879FA0008F214 /* LaunchScreen.storyboard */ = {
			isa = PBXVariantGroup;
			children = (
				6428698225E879FA0008F214 /* Base */,
			);
			name = LaunchScreen.storyboard;
			sourceTree = "<group>";
		};
/* End PBXVariantGroup section */

/* Begin XCBuildConfiguration section */
		6428699B25E879FA0008F214 /* Debug */ = {
			isa = XCBuildConfiguration;
			buildSettings = {
				ALWAYS_SEARCH_USER_PATHS = NO;
				CLANG_ANALYZER_NONNULL = YES;
				CLANG_ANALYZER_NUMBER_OBJECT_CONVERSION = YES_AGGRESSIVE;
				CLANG_CXX_LANGUAGE_STANDARD = "gnu++14";
				CLANG_CXX_LIBRARY = "libc++";
				CLANG_ENABLE_MODULES = YES;
				CLANG_ENABLE_OBJC_ARC = YES;
				CLANG_ENABLE_OBJC_WEAK = YES;
				CLANG_WARN_BLOCK_CAPTURE_AUTORELEASING = YES;
				CLANG_WARN_BOOL_CONVERSION = YES;
				CLANG_WARN_COMMA = YES;
				CLANG_WARN_CONSTANT_CONVERSION = YES;
				CLANG_WARN_DEPRECATED_OBJC_IMPLEMENTATIONS = YES;
				CLANG_WARN_DIRECT_OBJC_ISA_USAGE = YES_ERROR;
				CLANG_WARN_DOCUMENTATION_COMMENTS = YES;
				CLANG_WARN_EMPTY_BODY = YES;
				CLANG_WARN_ENUM_CONVERSION = YES;
				CLANG_WARN_INFINITE_RECURSION = YES;
				CLANG_WARN_INT_CONVERSION = YES;
				CLANG_WARN_NON_LITERAL_NULL_CONVERSION = YES;
				CLANG_WARN_OBJC_IMPLICIT_RETAIN_SELF = YES;
				CLANG_WARN_OBJC_LITERAL_CONVERSION = YES;
				CLANG_WARN_OBJC_ROOT_CLASS = YES_ERROR;
				CLANG_WARN_QUOTED_INCLUDE_IN_FRAMEWORK_HEADER = YES;
				CLANG_WARN_RANGE_LOOP_ANALYSIS = YES;
				CLANG_WARN_STRICT_PROTOTYPES = YES;
				CLANG_WARN_SUSPICIOUS_MOVE = YES;
				CLANG_WARN_UNGUARDED_AVAILABILITY = YES_AGGRESSIVE;
				CLANG_WARN_UNREACHABLE_CODE = YES;
				CLANG_WARN__DUPLICATE_METHOD_MATCH = YES;
				COPY_PHASE_STRIP = NO;
				DEBUG_INFORMATION_FORMAT = dwarf;
				ENABLE_STRICT_OBJC_MSGSEND = YES;
				ENABLE_TESTABILITY = YES;
				GCC_C_LANGUAGE_STANDARD = gnu11;
				GCC_DYNAMIC_NO_PIC = NO;
				GCC_NO_COMMON_BLOCKS = YES;
				GCC_OPTIMIZATION_LEVEL = 0;
				GCC_PREPROCESSOR_DEFINITIONS = (
					"DEBUG=1",
					"$(inherited)",
				);
				GCC_WARN_64_TO_32_BIT_CONVERSION = YES;
				GCC_WARN_ABOUT_RETURN_TYPE = YES_ERROR;
				GCC_WARN_UNDECLARED_SELECTOR = YES;
				GCC_WARN_UNINITIALIZED_AUTOS = YES_AGGRESSIVE;
				GCC_WARN_UNUSED_FUNCTION = YES;
				GCC_WARN_UNUSED_VARIABLE = YES;
				IPHONEOS_DEPLOYMENT_TARGET = 14.4;
				MTL_ENABLE_DEBUG_INFO = INCLUDE_SOURCE;
				MTL_FAST_MATH = YES;
				ONLY_ACTIVE_ARCH = YES;
				SDKROOT = iphoneos;
				SWIFT_ACTIVE_COMPILATION_CONDITIONS = DEBUG;
				SWIFT_OPTIMIZATION_LEVEL = "-Onone";
			};
			name = Debug;
		};
		6428699C25E879FA0008F214 /* Release */ = {
			isa = XCBuildConfiguration;
			buildSettings = {
				ALWAYS_SEARCH_USER_PATHS = NO;
				CLANG_ANALYZER_NONNULL = YES;
				CLANG_ANALYZER_NUMBER_OBJECT_CONVERSION = YES_AGGRESSIVE;
				CLANG_CXX_LANGUAGE_STANDARD = "gnu++14";
				CLANG_CXX_LIBRARY = "libc++";
				CLANG_ENABLE_MODULES = YES;
				CLANG_ENABLE_OBJC_ARC = YES;
				CLANG_ENABLE_OBJC_WEAK = YES;
				CLANG_WARN_BLOCK_CAPTURE_AUTORELEASING = YES;
				CLANG_WARN_BOOL_CONVERSION = YES;
				CLANG_WARN_COMMA = YES;
				CLANG_WARN_CONSTANT_CONVERSION = YES;
				CLANG_WARN_DEPRECATED_OBJC_IMPLEMENTATIONS = YES;
				CLANG_WARN_DIRECT_OBJC_ISA_USAGE = YES_ERROR;
				CLANG_WARN_DOCUMENTATION_COMMENTS = YES;
				CLANG_WARN_EMPTY_BODY = YES;
				CLANG_WARN_ENUM_CONVERSION = YES;
				CLANG_WARN_INFINITE_RECURSION = YES;
				CLANG_WARN_INT_CONVERSION = YES;
				CLANG_WARN_NON_LITERAL_NULL_CONVERSION = YES;
				CLANG_WARN_OBJC_IMPLICIT_RETAIN_SELF = YES;
				CLANG_WARN_OBJC_LITERAL_CONVERSION = YES;
				CLANG_WARN_OBJC_ROOT_CLASS = YES_ERROR;
				CLANG_WARN_QUOTED_INCLUDE_IN_FRAMEWORK_HEADER = YES;
				CLANG_WARN_RANGE_LOOP_ANALYSIS = YES;
				CLANG_WARN_STRICT_PROTOTYPES = YES;
				CLANG_WARN_SUSPICIOUS_MOVE = YES;
				CLANG_WARN_UNGUARDED_AVAILABILITY = YES_AGGRESSIVE;
				CLANG_WARN_UNREACHABLE_CODE = YES;
				CLANG_WARN__DUPLICATE_METHOD_MATCH = YES;
				COPY_PHASE_STRIP = NO;
				DEBUG_INFORMATION_FORMAT = "dwarf-with-dsym";
				ENABLE_NS_ASSERTIONS = NO;
				ENABLE_STRICT_OBJC_MSGSEND = YES;
				GCC_C_LANGUAGE_STANDARD = gnu11;
				GCC_NO_COMMON_BLOCKS = YES;
				GCC_WARN_64_TO_32_BIT_CONVERSION = YES;
				GCC_WARN_ABOUT_RETURN_TYPE = YES_ERROR;
				GCC_WARN_UNDECLARED_SELECTOR = YES;
				GCC_WARN_UNINITIALIZED_AUTOS = YES_AGGRESSIVE;
				GCC_WARN_UNUSED_FUNCTION = YES;
				GCC_WARN_UNUSED_VARIABLE = YES;
				IPHONEOS_DEPLOYMENT_TARGET = 14.4;
				MTL_ENABLE_DEBUG_INFO = NO;
				MTL_FAST_MATH = YES;
				SDKROOT = iphoneos;
				SWIFT_COMPILATION_MODE = wholemodule;
				SWIFT_OPTIMIZATION_LEVEL = "-O";
				VALIDATE_PRODUCT = YES;
			};
			name = Release;
		};
		6428699E25E879FA0008F214 /* Debug */ = {
			isa = XCBuildConfiguration;
			buildSettings = {
				ASSETCATALOG_COMPILER_APPICON_NAME = AppIcon;
				ASSETCATALOG_COMPILER_GLOBAL_ACCENT_COLOR_NAME = AccentColor;
				CODE_SIGN_STYLE = Automatic;
				DEVELOPMENT_TEAM = 7C7E58NWQY;
				INFOPLIST_FILE = "Whale of an App/Info.plist";
				LD_RUNPATH_SEARCH_PATHS = (
					"$(inherited)",
					"@executable_path/Frameworks",
				);
				PRODUCT_BUNDLE_IDENTIFIER = "com.rhl.Whale-of-an-App";
				PRODUCT_NAME = "$(TARGET_NAME)";
				SWIFT_VERSION = 5.0;
				TARGETED_DEVICE_FAMILY = "1,2";
			};
			name = Debug;
		};
		6428699F25E879FA0008F214 /* Release */ = {
			isa = XCBuildConfiguration;
			buildSettings = {
				ASSETCATALOG_COMPILER_APPICON_NAME = AppIcon;
				ASSETCATALOG_COMPILER_GLOBAL_ACCENT_COLOR_NAME = AccentColor;
				CODE_SIGN_STYLE = Automatic;
				DEVELOPMENT_TEAM = 7C7E58NWQY;
				INFOPLIST_FILE = "Whale of an App/Info.plist";
				LD_RUNPATH_SEARCH_PATHS = (
					"$(inherited)",
					"@executable_path/Frameworks",
				);
				PRODUCT_BUNDLE_IDENTIFIER = "com.rhl.Whale-of-an-App";
				PRODUCT_NAME = "$(TARGET_NAME)";
				SWIFT_VERSION = 5.0;
				TARGETED_DEVICE_FAMILY = "1,2";
			};
			name = Release;
		};
		642869A125E879FA0008F214 /* Debug */ = {
			isa = XCBuildConfiguration;
			buildSettings = {
				ALWAYS_EMBED_SWIFT_STANDARD_LIBRARIES = YES;
				BUNDLE_LOADER = "$(TEST_HOST)";
				CODE_SIGN_STYLE = Automatic;
				DEVELOPMENT_TEAM = 7C7E58NWQY;
				INFOPLIST_FILE = "Whale of an AppTests/Info.plist";
				IPHONEOS_DEPLOYMENT_TARGET = 14.4;
				LD_RUNPATH_SEARCH_PATHS = (
					"$(inherited)",
					"@executable_path/Frameworks",
					"@loader_path/Frameworks",
				);
				PRODUCT_BUNDLE_IDENTIFIER = "com.rhl.Whale-of-an-AppTests";
				PRODUCT_NAME = "$(TARGET_NAME)";
				SWIFT_VERSION = 5.0;
				TARGETED_DEVICE_FAMILY = "1,2";
				TEST_HOST = "$(BUILT_PRODUCTS_DIR)/Whale of an App.app/Whale of an App";
			};
			name = Debug;
		};
		642869A225E879FA0008F214 /* Release */ = {
			isa = XCBuildConfiguration;
			buildSettings = {
				ALWAYS_EMBED_SWIFT_STANDARD_LIBRARIES = YES;
				BUNDLE_LOADER = "$(TEST_HOST)";
				CODE_SIGN_STYLE = Automatic;
				DEVELOPMENT_TEAM = 7C7E58NWQY;
				INFOPLIST_FILE = "Whale of an AppTests/Info.plist";
				IPHONEOS_DEPLOYMENT_TARGET = 14.4;
				LD_RUNPATH_SEARCH_PATHS = (
					"$(inherited)",
					"@executable_path/Frameworks",
					"@loader_path/Frameworks",
				);
				PRODUCT_BUNDLE_IDENTIFIER = "com.rhl.Whale-of-an-AppTests";
				PRODUCT_NAME = "$(TARGET_NAME)";
				SWIFT_VERSION = 5.0;
				TARGETED_DEVICE_FAMILY = "1,2";
				TEST_HOST = "$(BUILT_PRODUCTS_DIR)/Whale of an App.app/Whale of an App";
			};
			name = Release;
		};
		642869A425E879FA0008F214 /* Debug */ = {
			isa = XCBuildConfiguration;
			buildSettings = {
				ALWAYS_EMBED_SWIFT_STANDARD_LIBRARIES = YES;
				CODE_SIGN_STYLE = Automatic;
				DEVELOPMENT_TEAM = 7C7E58NWQY;
				INFOPLIST_FILE = "Whale of an AppUITests/Info.plist";
				LD_RUNPATH_SEARCH_PATHS = (
					"$(inherited)",
					"@executable_path/Frameworks",
					"@loader_path/Frameworks",
				);
				PRODUCT_BUNDLE_IDENTIFIER = "com.rhl.Whale-of-an-AppUITests";
				PRODUCT_NAME = "$(TARGET_NAME)";
				SWIFT_VERSION = 5.0;
				TARGETED_DEVICE_FAMILY = "1,2";
				TEST_TARGET_NAME = "Whale of an App";
			};
			name = Debug;
		};
		642869A525E879FA0008F214 /* Release */ = {
			isa = XCBuildConfiguration;
			buildSettings = {
				ALWAYS_EMBED_SWIFT_STANDARD_LIBRARIES = YES;
				CODE_SIGN_STYLE = Automatic;
				DEVELOPMENT_TEAM = 7C7E58NWQY;
				INFOPLIST_FILE = "Whale of an AppUITests/Info.plist";
				LD_RUNPATH_SEARCH_PATHS = (
					"$(inherited)",
					"@executable_path/Frameworks",
					"@loader_path/Frameworks",
				);
				PRODUCT_BUNDLE_IDENTIFIER = "com.rhl.Whale-of-an-AppUITests";
				PRODUCT_NAME = "$(TARGET_NAME)";
				SWIFT_VERSION = 5.0;
				TARGETED_DEVICE_FAMILY = "1,2";
				TEST_TARGET_NAME = "Whale of an App";
			};
			name = Release;
		};
/* End XCBuildConfiguration section */

/* Begin XCConfigurationList section */
		6428696E25E879FA0008F214 /* Build configuration list for PBXProject "Whale of an App" */ = {
			isa = XCConfigurationList;
			buildConfigurations = (
				6428699B25E879FA0008F214 /* Debug */,
				6428699C25E879FA0008F214 /* Release */,
			);
			defaultConfigurationIsVisible = 0;
			defaultConfigurationName = Release;
		};
		6428699D25E879FA0008F214 /* Build configuration list for PBXNativeTarget "Whale of an App" */ = {
			isa = XCConfigurationList;
			buildConfigurations = (
				6428699E25E879FA0008F214 /* Debug */,
				6428699F25E879FA0008F214 /* Release */,
			);
			defaultConfigurationIsVisible = 0;
			defaultConfigurationName = Release;
		};
		642869A025E879FA0008F214 /* Build configuration list for PBXNativeTarget "Whale of an AppTests" */ = {
			isa = XCConfigurationList;
			buildConfigurations = (
				642869A125E879FA0008F214 /* Debug */,
				642869A225E879FA0008F214 /* Release */,
			);
			defaultConfigurationIsVisible = 0;
			defaultConfigurationName = Release;
		};
		642869A325E879FA0008F214 /* Build configuration list for PBXNativeTarget "Whale of an AppUITests" */ = {
			isa = XCConfigurationList;
			buildConfigurations = (
				642869A425E879FA0008F214 /* Debug */,
				642869A525E879FA0008F214 /* Release */,
			);
			defaultConfigurationIsVisible = 0;
			defaultConfigurationName = Release;
		};
/* End XCConfigurationList section */
	};
	rootObject = 6428696B25E879FA0008F214 /* Project object */;
}
